
Microsoft Visual Studio Solution File, Format Version 12.00
# Visual Studio Version 16
VisualStudioVersion = 25.0.1703.8
MinimumVisualStudioVersion = 10.0.40219.1
Project("{FAE04EC0-301F-11D3-BF4B-00C04F79EFBC}") = "FInalExam", "FInalExam\FInalExam.csproj", "{5FB4A305-76A4-44E4-86E2-D28020A32682}"
EndProject
Global
	GlobalSection(SolutionConfigurationPlatforms) = preSolution
		Debug|Any CPU = Debug|Any CPU
		Release|Any CPU = Release|Any CPU
	EndGlobalSection
	GlobalSection(ProjectConfigurationPlatforms) = postSolution
		{5FB4A305-76A4-44E4-86E2-D28020A32682}.Debug|Any CPU.ActiveCfg = Debug|Any CPU
		{5FB4A305-76A4-44E4-86E2-D28020A32682}.Debug|Any CPU.Build.0 = Debug|Any CPU
		{5FB4A305-76A4-44E4-86E2-D28020A32682}.Release|Any CPU.ActiveCfg = Release|Any CPU
		{5FB4A305-76A4-44E4-86E2-D28020A32682}.Release|Any CPU.Build.0 = Release|Any CPU
	EndGlobalSection
	GlobalSection(SolutionProperties) = preSolution
		HideSolutionNode = FALSE
	EndGlobalSection
	GlobalSection(ExtensibilityGlobals) = postSolution
		SolutionGuid = {1A6607B7-66FA-4073-B5B8-AE2B0F712519}
	EndGlobalSection
EndGlobal
